// !$*UTF8*$!
{
	archiveVersion = 1;
	classes = {
	};
	objectVersion = 56;
	objects = {

/* Begin PBXBuildFile section */
		633E02002B05956C00155955 /* AppDelegate.swift in Sources */ = {isa = PBXBuildFile; fileRef = 633E01FF2B05956C00155955 /* AppDelegate.swift */; };
		633E02022B05956C00155955 /* SceneDelegate.swift in Sources */ = {isa = PBXBuildFile; fileRef = 633E02012B05956C00155955 /* SceneDelegate.swift */; };
		633E02042B05956C00155955 /* ViewController.swift in Sources */ = {isa = PBXBuildFile; fileRef = 633E02032B05956C00155955 /* ViewController.swift */; };
		633E02092B05956D00155955 /* Assets.xcassets in Resources */ = {isa = PBXBuildFile; fileRef = 633E02082B05956D00155955 /* Assets.xcassets */; };
		633E020C2B05956D00155955 /* LaunchScreen.storyboard in Resources */ = {isa = PBXBuildFile; fileRef = 633E020A2B05956D00155955 /* LaunchScreen.storyboard */; };
		633E02182B05978600155955 /* Test.swift in Sources */ = {isa = PBXBuildFile; fileRef = 633E02172B05978600155955 /* Test.swift */; };
		633E021B2B0597BF00155955 /* Maker.swift in Sources */ = {isa = PBXBuildFile; fileRef = 633E021A2B0597BF00155955 /* Maker.swift */; };
/* End PBXBuildFile section */

/* Begin PBXFileReference section */
		633E01FC2B05956C00155955 /* ControlTectMonth4.app */ = {isa = PBXFileReference; explicitFileType = wrapper.application; includeInIndex = 0; path = ControlTectMonth4.app; sourceTree = BUILT_PRODUCTS_DIR; };
		633E01FF2B05956C00155955 /* AppDelegate.swift */ = {isa = PBXFileReference; lastKnownFileType = sourcecode.swift; path = AppDelegate.swift; sourceTree = "<group>"; };
		633E02012B05956C00155955 /* SceneDelegate.swift */ = {isa = PBXFileReference; lastKnownFileType = sourcecode.swift; path = SceneDelegate.swift; sourceTree = "<group>"; };
		633E02032B05956C00155955 /* ViewController.swift */ = {isa = PBXFileReference; lastKnownFileType = sourcecode.swift; path = ViewController.swift; sourceTree = "<group>"; };
		633E02082B05956D00155955 /* Assets.xcassets */ = {isa = PBXFileReference; lastKnownFileType = folder.assetcatalog; path = Assets.xcassets; sourceTree = "<group>"; };
		633E020B2B05956D00155955 /* Base */ = {isa = PBXFileReference; lastKnownFileType = file.storyboard; name = Base; path = Base.lproj/LaunchScreen.storyboard; sourceTree = "<group>"; };
		633E020D2B05956D00155955 /* Info.plist */ = {isa = PBXFileReference; lastKnownFileType = text.plist.xml; path = Info.plist; sourceTree = "<group>"; };
		633E02172B05978600155955 /* Test.swift */ = {isa = PBXFileReference; lastKnownFileType = sourcecode.swift; path = Test.swift; sourceTree = "<group>"; };
		633E021A2B0597BF00155955 /* Maker.swift */ = {isa = PBXFileReference; lastKnownFileType = sourcecode.swift; path = Maker.swift; sourceTree = "<group>"; };
/* End PBXFileReference section */

/* Begin PBXFrameworksBuildPhase section */
		633E01F92B05956C00155955 /* Frameworks */ = {
			isa = PBXFrameworksBuildPhase;
			buildActionMask = 2147483647;
			files = (
			);
			runOnlyForDeploymentPostprocessing = 0;
		};
/* End PBXFrameworksBuildPhase section */

/* Begin PBXGroup section */
		633E01F32B05956C00155955 = {
			isa = PBXGroup;
			children = (
				633E01FE2B05956C00155955 /* ControlTectMonth4 */,
				633E01FD2B05956C00155955 /* Products */,
			);
			sourceTree = "<group>";
		};
		633E01FD2B05956C00155955 /* Products */ = {
			isa = PBXGroup;
			children = (
				633E01FC2B05956C00155955 /* ControlTectMonth4.app */,
			);
			name = Products;
			sourceTree = "<group>";
		};
		633E01FE2B05956C00155955 /* ControlTectMonth4 */ = {
			isa = PBXGroup;
			children = (
				633E02132B05973C00155955 /* AppDelegate */,
				633E02142B05975300155955 /* Resoursec */,
				633E02152B05976000155955 /* Controllers */,
				633E02162B05976800155955 /* Protocol */,
				633E02192B0597A900155955 /* Maker */,
				633E020D2B05956D00155955 /* Info.plist */,
			);
			path = ControlTectMonth4;
			sourceTree = "<group>";
		};
		633E02132B05973C00155955 /* AppDelegate */ = {
			isa = PBXGroup;
			children = (
				633E02012B05956C00155955 /* SceneDelegate.swift */,
				633E01FF2B05956C00155955 /* AppDelegate.swift */,
			);
			path = AppDelegate;
			sourceTree = "<group>";
		};
		633E02142B05975300155955 /* Resoursec */ = {
			isa = PBXGroup;
			children = (
				633E020A2B05956D00155955 /* LaunchScreen.storyboard */,
				633E02082B05956D00155955 /* Assets.xcassets */,
			);
			path = Resoursec;
			sourceTree = "<group>";
		};
		633E02152B05976000155955 /* Controllers */ = {
			isa = PBXGroup;
			children = (
				633E02032B05956C00155955 /* ViewController.swift */,
			);
			path = Controllers;
			sourceTree = "<group>";
		};
		633E02162B05976800155955 /* Protocol */ = {
			isa = PBXGroup;
			children = (
				633E02172B05978600155955 /* Test.swift */,
			);
			path = Protocol;
			sourceTree = "<group>";
		};
		633E02192B0597A900155955 /* Maker */ = {
			isa = PBXGroup;
			children = (
				633E021A2B0597BF00155955 /* Maker.swift */,
			);
			path = Maker;
			sourceTree = "<group>";
		};
/* End PBXGroup section */

/* Begin PBXNativeTarget section */
		633E01FB2B05956C00155955 /* ControlTectMonth4 */ = {
			isa = PBXNativeTarget;
			buildConfigurationList = 633E02102B05956D00155955 /* Build configuration list for PBXNativeTarget "ControlTectMonth4" */;
			buildPhases = (
				633E01F82B05956C00155955 /* Sources */,
				633E01F92B05956C00155955 /* Frameworks */,
				633E01FA2B05956C00155955 /* Resources */,
			);
			buildRules = (
			);
			dependencies = (
			);
			name = ControlTectMonth4;
			productName = ControlTectMonth4;
			productReference = 633E01FC2B05956C00155955 /* ControlTectMonth4.app */;
			productType = "com.apple.product-type.application";
		};
/* End PBXNativeTarget section */

/* Begin PBXProject section */
		633E01F42B05956C00155955 /* Project object */ = {
			isa = PBXProject;
			attributes = {
				BuildIndependentTargetsInParallel = 1;
				LastSwiftUpdateCheck = 1430;
				LastUpgradeCheck = 1430;
				TargetAttributes = {
					633E01FB2B05956C00155955 = {
						CreatedOnToolsVersion = 14.3.1;
					};
				};
			};
			buildConfigurationList = 633E01F72B05956C00155955 /* Build configuration list for PBXProject "ControlTectMonth4" */;
			compatibilityVersion = "Xcode 14.0";
			developmentRegion = en;
			hasScannedForEncodings = 0;
			knownRegions = (
				en,
				Base,
			);
			mainGroup = 633E01F32B05956C00155955;
			productRefGroup = 633E01FD2B05956C00155955 /* Products */;
			projectDirPath = "";
			projectRoot = "";
			targets = (
				633E01FB2B05956C00155955 /* ControlTectMonth4 */,
			);
		};
/* End PBXProject section */

/* Begin PBXResourcesBuildPhase section */
		633E01FA2B05956C00155955 /* Resources */ = {
			isa = PBXResourcesBuildPhase;
			buildActionMask = 2147483647;
			files = (
				633E020C2B05956D00155955 /* LaunchScreen.storyboard in Resources */,
				633E02092B05956D00155955 /* Assets.xcassets in Resources */,
			);
			runOnlyForDeploymentPostprocessing = 0;
		};
/* End PBXResourcesBuildPhase section */

/* Begin PBXSourcesBuildPhase section */
		633E01F82B05956C00155955 /* Sources */ = {
			isa = PBXSourcesBuildPhase;
			buildActionMask = 2147483647;
			files = (
				633E02042B05956C00155955 /* ViewController.swift in Sources */,
				633E02182B05978600155955 /* Test.swift in Sources */,
				633E021B2B0597BF00155955 /* Maker.swift in Sources */,
				633E02002B05956C00155955 /* AppDelegate.swift in Sources */,
				633E02022B05956C00155955 /* SceneDelegate.swift in Sources */,
			);
			runOnlyForDeploymentPostprocessing = 0;
		};
/* End PBXSourcesBuildPhase section */

/* Begin PBXVariantGroup section */
		633E020A2B05956D00155955 /* LaunchScreen.storyboard */ = {
			isa = PBXVariantGroup;
			children = (
				633E020B2B05956D00155955 /* Base */,
			);
			name = LaunchScreen.storyboard;
			sourceTree = "<group>";
		};
/* End PBXVariantGroup section */

/* Begin XCBuildConfiguration section */
		633E020E2B05956D00155955 /* Debug */ = {
			isa = XCBuildConfiguration;
			buildSettings = {
				ALWAYS_SEARCH_USER_PATHS = NO;
				CLANG_ANALYZER_NONNULL = YES;
				CLANG_ANALYZER_NUMBER_OBJECT_CONVERSION = YES_AGGRESSIVE;
				CLANG_CXX_LANGUAGE_STANDARD = "gnu++20";
				CLANG_ENABLE_MODULES = YES;
				CLANG_ENABLE_OBJC_ARC = YES;
				CLANG_ENABLE_OBJC_WEAK = YES;
				CLANG_WARN_BLOCK_CAPTURE_AUTORELEASING = YES;
				CLANG_WARN_BOOL_CONVERSION = YES;
				CLANG_WARN_COMMA = YES;
				CLANG_WARN_CONSTANT_CONVERSION = YES;
				CLANG_WARN_DEPRECATED_OBJC_IMPLEMENTATIONS = YES;
				CLANG_WARN_DIRECT_OBJC_ISA_USAGE = YES_ERROR;
				CLANG_WARN_DOCUMENTATION_COMMENTS = YES;
				CLANG_WARN_EMPTY_BODY = YES;
				CLANG_WARN_ENUM_CONVERSION = YES;
				CLANG_WARN_INFINITE_RECURSION = YES;
				CLANG_WARN_INT_CONVERSION = YES;
				CLANG_WARN_NON_LITERAL_NULL_CONVERSION = YES;
				CLANG_WARN_OBJC_IMPLICIT_RETAIN_SELF = YES;
				CLANG_WARN_OBJC_LITERAL_CONVERSION = YES;
				CLANG_WARN_OBJC_ROOT_CLASS = YES_ERROR;
				CLANG_WARN_QUOTED_INCLUDE_IN_FRAMEWORK_HEADER = YES;
				CLANG_WARN_RANGE_LOOP_ANALYSIS = YES;
				CLANG_WARN_STRICT_PROTOTYPES = YES;
				CLANG_WARN_SUSPICIOUS_MOVE = YES;
				CLANG_WARN_UNGUARDED_AVAILABILITY = YES_AGGRESSIVE;
				CLANG_WARN_UNREACHABLE_CODE = YES;
				CLANG_WARN__DUPLICATE_METHOD_MATCH = YES;
				COPY_PHASE_STRIP = NO;
				DEBUG_INFORMATION_FORMAT = dwarf;
				ENABLE_STRICT_OBJC_MSGSEND = YES;
				ENABLE_TESTABILITY = YES;
				GCC_C_LANGUAGE_STANDARD = gnu11;
				GCC_DYNAMIC_NO_PIC = NO;
				GCC_NO_COMMON_BLOCKS = YES;
				GCC_OPTIMIZATION_LEVEL = 0;
				GCC_PREPROCESSOR_DEFINITIONS = (
					"DEBUG=1",
					"$(inherited)",
				);
				GCC_WARN_64_TO_32_BIT_CONVERSION = YES;
				GCC_WARN_ABOUT_RETURN_TYPE = YES_ERROR;
				GCC_WARN_UNDECLARED_SELECTOR = YES;
				GCC_WARN_UNINITIALIZED_AUTOS = YES_AGGRESSIVE;
				GCC_WARN_UNUSED_FUNCTION = YES;
				GCC_WARN_UNUSED_VARIABLE = YES;
				IPHONEOS_DEPLOYMENT_TARGET = 16.4;
				MTL_ENABLE_DEBUG_INFO = INCLUDE_SOURCE;
				MTL_FAST_MATH = YES;
				ONLY_ACTIVE_ARCH = YES;
				SDKROOT = iphoneos;
				SWIFT_ACTIVE_COMPILATION_CONDITIONS = DEBUG;
				SWIFT_OPTIMIZATION_LEVEL = "-Onone";
			};
			name = Debug;
		};
		633E020F2B05956D00155955 /* Release */ = {
			isa = XCBuildConfiguration;
			buildSettings = {
				ALWAYS_SEARCH_USER_PATHS = NO;
				CLANG_ANALYZER_NONNULL = YES;
				CLANG_ANALYZER_NUMBER_OBJECT_CONVERSION = YES_AGGRESSIVE;
				CLANG_CXX_LANGUAGE_STANDARD = "gnu++20";
				CLANG_ENABLE_MODULES = YES;
				CLANG_ENABLE_OBJC_ARC = YES;
				CLANG_ENABLE_OBJC_WEAK = YES;
				CLANG_WARN_BLOCK_CAPTURE_AUTORELEASING = YES;
				CLANG_WARN_BOOL_CONVERSION = YES;
				CLANG_WARN_COMMA = YES;
				CLANG_WARN_CONSTANT_CONVERSION = YES;
				CLANG_WARN_DEPRECATED_OBJC_IMPLEMENTATIONS = YES;
				CLANG_WARN_DIRECT_OBJC_ISA_USAGE = YES_ERROR;
				CLANG_WARN_DOCUMENTATION_COMMENTS = YES;
				CLANG_WARN_EMPTY_BODY = YES;
				CLANG_WARN_ENUM_CONVERSION = YES;
				CLANG_WARN_INFINITE_RECURSION = YES;
				CLANG_WARN_INT_CONVERSION = YES;
				CLANG_WARN_NON_LITERAL_NULL_CONVERSION = YES;
				CLANG_WARN_OBJC_IMPLICIT_RETAIN_SELF = YES;
				CLANG_WARN_OBJC_LITERAL_CONVERSION = YES;
				CLANG_WARN_OBJC_ROOT_CLASS = YES_ERROR;
				CLANG_WARN_QUOTED_INCLUDE_IN_FRAMEWORK_HEADER = YES;
				CLANG_WARN_RANGE_LOOP_ANALYSIS = YES;
				CLANG_WARN_STRICT_PROTOTYPES = YES;
				CLANG_WARN_SUSPICIOUS_MOVE = YES;
				CLANG_WARN_UNGUARDED_AVAILABILITY = YES_AGGRESSIVE;
				CLANG_WARN_UNREACHABLE_CODE = YES;
				CLANG_WARN__DUPLICATE_METHOD_MATCH = YES;
				COPY_PHASE_STRIP = NO;
				DEBUG_INFORMATION_FORMAT = "dwarf-with-dsym";
				ENABLE_NS_ASSERTIONS = NO;
				ENABLE_STRICT_OBJC_MSGSEND = YES;
				GCC_C_LANGUAGE_STANDARD = gnu11;
				GCC_NO_COMMON_BLOCKS = YES;
				GCC_WARN_64_TO_32_BIT_CONVERSION = YES;
				GCC_WARN_ABOUT_RETURN_TYPE = YES_ERROR;
				GCC_WARN_UNDECLARED_SELECTOR = YES;
				GCC_WARN_UNINITIALIZED_AUTOS = YES_AGGRESSIVE;
				GCC_WARN_UNUSED_FUNCTION = YES;
				GCC_WARN_UNUSED_VARIABLE = YES;
				IPHONEOS_DEPLOYMENT_TARGET = 16.4;
				MTL_ENABLE_DEBUG_INFO = NO;
				MTL_FAST_MATH = YES;
				SDKROOT = iphoneos;
				SWIFT_COMPILATION_MODE = wholemodule;
				SWIFT_OPTIMIZATION_LEVEL = "-O";
				VALIDATE_PRODUCT = YES;
			};
			name = Release;
		};
		633E02112B05956D00155955 /* Debug */ = {
			isa = XCBuildConfiguration;
			buildSettings = {
				ASSETCATALOG_COMPILER_APPICON_NAME = AppIcon;
				ASSETCATALOG_COMPILER_GLOBAL_ACCENT_COLOR_NAME = AccentColor;
				CODE_SIGN_STYLE = Automatic;
				CURRENT_PROJECT_VERSION = 1;
				DEVELOPMENT_TEAM = 9D98DPXXPQ;
				GENERATE_INFOPLIST_FILE = YES;
				INFOPLIST_FILE = ControlTectMonth4/Info.plist;
				INFOPLIST_KEY_UIApplicationSupportsIndirectInputEvents = YES;
				INFOPLIST_KEY_UILaunchStoryboardName = LaunchScreen;
				INFOPLIST_KEY_UISupportedInterfaceOrientations_iPad = "UIInterfaceOrientationPortrait UIInterfaceOrientationPortraitUpsideDown UIInterfaceOrientationLandscapeLeft UIInterfaceOrientationLandscapeRight";
				INFOPLIST_KEY_UISupportedInterfaceOrientations_iPhone = "UIInterfaceOrientationPortrait UIInterfaceOrientationLandscapeLeft UIInterfaceOrientationLandscapeRight";
				LD_RUNPATH_SEARCH_PATHS = (
					"$(inherited)",
					"@executable_path/Frameworks",
				);
				MARKETING_VERSION = 1.0;
				PRODUCT_BUNDLE_IDENTIFIER = game.com.ControlTectMonth4;
				PRODUCT_NAME = "$(TARGET_NAME)";
				SWIFT_EMIT_LOC_STRINGS = YES;
				SWIFT_VERSION = 5.0;
				TARGETED_DEVICE_FAMILY = "1,2";
			};
			name = Debug;
		};
		633E02122B05956D00155955 /* Release */ = {
			isa = XCBuildConfiguration;
			buildSettings = {
				ASSETCATALOG_COMPILER_APPICON_NAME = AppIcon;
				ASSETCATALOG_COMPILER_GLOBAL_ACCENT_COLOR_NAME = AccentColor;
				CODE_SIGN_STYLE = Automatic;
				CURRENT_PROJECT_VERSION = 1;
				DEVELOPMENT_TEAM = 9D98DPXXPQ;
				GENERATE_INFOPLIST_FILE = YES;
				INFOPLIST_FILE = ControlTectMonth4/Info.plist;
				INFOPLIST_KEY_UIApplicationSupportsIndirectInputEvents = YES;
				INFOPLIST_KEY_UILaunchStoryboardName = LaunchScreen;
				INFOPLIST_KEY_UISupportedInterfaceOrientations_iPad = "UIInterfaceOrientationPortrait UIInterfaceOrientationPortraitUpsideDown UIInterfaceOrientationLandscapeLeft UIInterfaceOrientationLandscapeRight";
				INFOPLIST_KEY_UISupportedInterfaceOrientations_iPhone = "UIInterfaceOrientationPortrait UIInterfaceOrientationLandscapeLeft UIInterfaceOrientationLandscapeRight";
				LD_RUNPATH_SEARCH_PATHS = (
					"$(inherited)",
					"@executable_path/Frameworks",
				);
				MARKETING_VERSION = 1.0;
				PRODUCT_BUNDLE_IDENTIFIER = game.com.ControlTectMonth4;
				PRODUCT_NAME = "$(TARGET_NAME)";
				SWIFT_EMIT_LOC_STRINGS = YES;
				SWIFT_VERSION = 5.0;
				TARGETED_DEVICE_FAMILY = "1,2";
			};
			name = Release;
		};
/* End XCBuildConfiguration section */

/* Begin XCConfigurationList section */
		633E01F72B05956C00155955 /* Build configuration list for PBXProject "ControlTectMonth4" */ = {
			isa = XCConfigurationList;
			buildConfigurations = (
				633E020E2B05956D00155955 /* Debug */,
				633E020F2B05956D00155955 /* Release */,
			);
			defaultConfigurationIsVisible = 0;
			defaultConfigurationName = Release;
		};
		633E02102B05956D00155955 /* Build configuration list for PBXNativeTarget "ControlTectMonth4" */ = {
			isa = XCConfigurationList;
			buildConfigurations = (
				633E02112B05956D00155955 /* Debug */,
				633E02122B05956D00155955 /* Release */,
			);
			defaultConfigurationIsVisible = 0;
			defaultConfigurationName = Release;
		};
/* End XCConfigurationList section */
	};
	rootObject = 633E01F42B05956C00155955 /* Project object */;
}
